
Microsoft Visual Studio Solution File, Format Version 12.00
# Visual Studio Version 16
VisualStudioVersion = 16.0.30711.63
MinimumVisualStudioVersion = 10.0.40219.1
Project("{9A19103F-16F7-4668-BE54-9A1E7A4F7556}") = "Luke1", "Luke1\Luke1.csproj", "{CF4266A0-A960-4E4C-AE67-A2A0D2152FF1}"
EndProject
Project("{9A19103F-16F7-4668-BE54-9A1E7A4F7556}") = "Utilities", "Utilities\Utilities.csproj", "{48FA27E1-4D8C-48D9-9CD4-93AD15B466EA}"
EndProject
Project("{2150E333-8FDC-42A3-9474-1A3956D46DE8}") = "Solution Items", "Solution Items", "{3F8B7DC9-3C89-4257-B769-CD4291EF1BE1}"
	ProjectSection(SolutionItems) = preProject
		.gitignore = .gitignore
		LICENSE = LICENSE
		README.md = README.md
	EndProjectSection
EndProject
Project("{8BC9CEB8-8B4A-11D0-8D11-00A0C91BC942}") = "Luke2", "Luke2\Luke2.vcxproj", "{63E1BD21-60F6-4D74-BA4B-24113D685B35}"
EndProject
Project("{8BC9CEB8-8B4A-11D0-8D11-00A0C91BC942}") = "CppUtilities", "CppUtilities\CppUtilities.vcxproj", "{35008024-066F-4AE4-A89C-FCC686752C2A}"
EndProject
Project("{9A19103F-16F7-4668-BE54-9A1E7A4F7556}") = "Luke3", "Luke3\Luke3.csproj", "{898C8055-4299-42A5-BE5E-DD70302C27AE}"
EndProject
Project("{9A19103F-16F7-4668-BE54-9A1E7A4F7556}") = "Luke4", "Luke4\Luke4.csproj", "{E5AA4190-10C9-49A1-9941-9D1725D57E99}"
EndProject
Project("{9A19103F-16F7-4668-BE54-9A1E7A4F7556}") = "Luke5", "Luke5\Luke5.csproj", "{E4E2FC60-14D0-4220-8351-4F6990BBA329}"
EndProject
Project("{9A19103F-16F7-4668-BE54-9A1E7A4F7556}") = "Luke6", "Luke6\Luke6.csproj", "{C72FBDBA-E124-451F-83F6-8EA8F16519AF}"
EndProject
Project("{9A19103F-16F7-4668-BE54-9A1E7A4F7556}") = "Luke7", "Luke7\Luke7.csproj", "{45AF0758-F0E8-44F2-869D-B249A5C44760}"
EndProject
Project("{9A19103F-16F7-4668-BE54-9A1E7A4F7556}") = "Luke8", "Luke8\Luke8.csproj", "{5AF0B868-C39D-44F8-858A-27A69BF0B558}"
EndProject
Project("{9A19103F-16F7-4668-BE54-9A1E7A4F7556}") = "Luke9", "Luke9\Luke9.csproj", "{A95FD6CF-D159-401B-9DBA-E14AC9125F7A}"
EndProject
Project("{9A19103F-16F7-4668-BE54-9A1E7A4F7556}") = "Luke10", "Luke10\Luke10.csproj", "{B96ED343-6AF4-4AE1-BC85-58758A4F577E}"
EndProject
Project("{9A19103F-16F7-4668-BE54-9A1E7A4F7556}") = "Luke11", "Luke11\Luke11.csproj", "{7EE53ABA-6733-4BCC-9CAD-6BB2595B952F}"
EndProject
Project("{9A19103F-16F7-4668-BE54-9A1E7A4F7556}") = "Luke12", "Luke12\Luke12.csproj", "{6DCAB3D9-744D-45F1-9964-C39148AE5C69}"
EndProject
Project("{9A19103F-16F7-4668-BE54-9A1E7A4F7556}") = "Luke13", "Luke13\Luke13.csproj", "{8D7A9C48-AFCF-4A7E-B541-D0106021CC63}"
EndProject
Project("{FAE04EC0-301F-11D3-BF4B-00C04F79EFBC}") = "Luke14", "Luke14\Luke14.csproj", "{B960DC5E-DC1A-48C1-B1D8-19CD4706188F}"
EndProject
Global
	GlobalSection(SolutionConfigurationPlatforms) = preSolution
		Debug|Any CPU = Debug|Any CPU
		Debug|x64 = Debug|x64
		Debug|x86 = Debug|x86
		Release|Any CPU = Release|Any CPU
		Release|x64 = Release|x64
		Release|x86 = Release|x86
	EndGlobalSection
	GlobalSection(ProjectConfigurationPlatforms) = postSolution
		{CF4266A0-A960-4E4C-AE67-A2A0D2152FF1}.Debug|Any CPU.ActiveCfg = Debug|Any CPU
		{CF4266A0-A960-4E4C-AE67-A2A0D2152FF1}.Debug|Any CPU.Build.0 = Debug|Any CPU
		{CF4266A0-A960-4E4C-AE67-A2A0D2152FF1}.Debug|x64.ActiveCfg = Debug|Any CPU
		{CF4266A0-A960-4E4C-AE67-A2A0D2152FF1}.Debug|x64.Build.0 = Debug|Any CPU
		{CF4266A0-A960-4E4C-AE67-A2A0D2152FF1}.Debug|x86.ActiveCfg = Debug|Any CPU
		{CF4266A0-A960-4E4C-AE67-A2A0D2152FF1}.Debug|x86.Build.0 = Debug|Any CPU
		{CF4266A0-A960-4E4C-AE67-A2A0D2152FF1}.Release|Any CPU.ActiveCfg = Release|Any CPU
		{CF4266A0-A960-4E4C-AE67-A2A0D2152FF1}.Release|Any CPU.Build.0 = Release|Any CPU
		{CF4266A0-A960-4E4C-AE67-A2A0D2152FF1}.Release|x64.ActiveCfg = Release|Any CPU
		{CF4266A0-A960-4E4C-AE67-A2A0D2152FF1}.Release|x64.Build.0 = Release|Any CPU
		{CF4266A0-A960-4E4C-AE67-A2A0D2152FF1}.Release|x86.ActiveCfg = Release|Any CPU
		{CF4266A0-A960-4E4C-AE67-A2A0D2152FF1}.Release|x86.Build.0 = Release|Any CPU
		{48FA27E1-4D8C-48D9-9CD4-93AD15B466EA}.Debug|Any CPU.ActiveCfg = Debug|Any CPU
		{48FA27E1-4D8C-48D9-9CD4-93AD15B466EA}.Debug|Any CPU.Build.0 = Debug|Any CPU
		{48FA27E1-4D8C-48D9-9CD4-93AD15B466EA}.Debug|x64.ActiveCfg = Debug|Any CPU
		{48FA27E1-4D8C-48D9-9CD4-93AD15B466EA}.Debug|x64.Build.0 = Debug|Any CPU
		{48FA27E1-4D8C-48D9-9CD4-93AD15B466EA}.Debug|x86.ActiveCfg = Debug|Any CPU
		{48FA27E1-4D8C-48D9-9CD4-93AD15B466EA}.Debug|x86.Build.0 = Debug|Any CPU
		{48FA27E1-4D8C-48D9-9CD4-93AD15B466EA}.Release|Any CPU.ActiveCfg = Release|Any CPU
		{48FA27E1-4D8C-48D9-9CD4-93AD15B466EA}.Release|Any CPU.Build.0 = Release|Any CPU
		{48FA27E1-4D8C-48D9-9CD4-93AD15B466EA}.Release|x64.ActiveCfg = Release|Any CPU
		{48FA27E1-4D8C-48D9-9CD4-93AD15B466EA}.Release|x64.Build.0 = Release|Any CPU
		{48FA27E1-4D8C-48D9-9CD4-93AD15B466EA}.Release|x86.ActiveCfg = Release|Any CPU
		{48FA27E1-4D8C-48D9-9CD4-93AD15B466EA}.Release|x86.Build.0 = Release|Any CPU
		{63E1BD21-60F6-4D74-BA4B-24113D685B35}.Debug|Any CPU.ActiveCfg = Debug|Win32
		{63E1BD21-60F6-4D74-BA4B-24113D685B35}.Debug|x64.ActiveCfg = Debug|x64
		{63E1BD21-60F6-4D74-BA4B-24113D685B35}.Debug|x64.Build.0 = Debug|x64
		{63E1BD21-60F6-4D74-BA4B-24113D685B35}.Debug|x86.ActiveCfg = Debug|Win32
		{63E1BD21-60F6-4D74-BA4B-24113D685B35}.Debug|x86.Build.0 = Debug|Win32
		{63E1BD21-60F6-4D74-BA4B-24113D685B35}.Release|Any CPU.ActiveCfg = Release|x64
		{63E1BD21-60F6-4D74-BA4B-24113D685B35}.Release|Any CPU.Build.0 = Release|x64
		{63E1BD21-60F6-4D74-BA4B-24113D685B35}.Release|x64.ActiveCfg = Release|x64
		{63E1BD21-60F6-4D74-BA4B-24113D685B35}.Release|x64.Build.0 = Release|x64
		{63E1BD21-60F6-4D74-BA4B-24113D685B35}.Release|x86.ActiveCfg = Release|Win32
		{63E1BD21-60F6-4D74-BA4B-24113D685B35}.Release|x86.Build.0 = Release|Win32
		{35008024-066F-4AE4-A89C-FCC686752C2A}.Debug|Any CPU.ActiveCfg = Debug|Win32
		{35008024-066F-4AE4-A89C-FCC686752C2A}.Debug|x64.ActiveCfg = Debug|x64
		{35008024-066F-4AE4-A89C-FCC686752C2A}.Debug|x64.Build.0 = Debug|x64
		{35008024-066F-4AE4-A89C-FCC686752C2A}.Debug|x86.ActiveCfg = Debug|Win32
		{35008024-066F-4AE4-A89C-FCC686752C2A}.Debug|x86.Build.0 = Debug|Win32
		{35008024-066F-4AE4-A89C-FCC686752C2A}.Release|Any CPU.ActiveCfg = Release|Win32
		{35008024-066F-4AE4-A89C-FCC686752C2A}.Release|x64.ActiveCfg = Release|x64
		{35008024-066F-4AE4-A89C-FCC686752C2A}.Release|x64.Build.0 = Release|x64
		{35008024-066F-4AE4-A89C-FCC686752C2A}.Release|x86.ActiveCfg = Release|Win32
		{35008024-066F-4AE4-A89C-FCC686752C2A}.Release|x86.Build.0 = Release|Win32
		{898C8055-4299-42A5-BE5E-DD70302C27AE}.Debug|Any CPU.ActiveCfg = Debug|Any CPU
		{898C8055-4299-42A5-BE5E-DD70302C27AE}.Debug|Any CPU.Build.0 = Debug|Any CPU
		{898C8055-4299-42A5-BE5E-DD70302C27AE}.Debug|x64.ActiveCfg = Debug|Any CPU
		{898C8055-4299-42A5-BE5E-DD70302C27AE}.Debug|x64.Build.0 = Debug|Any CPU
		{898C8055-4299-42A5-BE5E-DD70302C27AE}.Debug|x86.ActiveCfg = Debug|Any CPU
		{898C8055-4299-42A5-BE5E-DD70302C27AE}.Debug|x86.Build.0 = Debug|Any CPU
		{898C8055-4299-42A5-BE5E-DD70302C27AE}.Release|Any CPU.ActiveCfg = Release|Any CPU
		{898C8055-4299-42A5-BE5E-DD70302C27AE}.Release|Any CPU.Build.0 = Release|Any CPU
		{898C8055-4299-42A5-BE5E-DD70302C27AE}.Release|x64.ActiveCfg = Release|Any CPU
		{898C8055-4299-42A5-BE5E-DD70302C27AE}.Release|x64.Build.0 = Release|Any CPU
		{898C8055-4299-42A5-BE5E-DD70302C27AE}.Release|x86.ActiveCfg = Release|Any CPU
		{898C8055-4299-42A5-BE5E-DD70302C27AE}.Release|x86.Build.0 = Release|Any CPU
		{E5AA4190-10C9-49A1-9941-9D1725D57E99}.Debug|Any CPU.ActiveCfg = Debug|Any CPU
		{E5AA4190-10C9-49A1-9941-9D1725D57E99}.Debug|Any CPU.Build.0 = Debug|Any CPU
		{E5AA4190-10C9-49A1-9941-9D1725D57E99}.Debug|x64.ActiveCfg = Debug|Any CPU
		{E5AA4190-10C9-49A1-9941-9D1725D57E99}.Debug|x64.Build.0 = Debug|Any CPU
		{E5AA4190-10C9-49A1-9941-9D1725D57E99}.Debug|x86.ActiveCfg = Debug|Any CPU
		{E5AA4190-10C9-49A1-9941-9D1725D57E99}.Debug|x86.Build.0 = Debug|Any CPU
		{E5AA4190-10C9-49A1-9941-9D1725D57E99}.Release|Any CPU.ActiveCfg = Release|Any CPU
		{E5AA4190-10C9-49A1-9941-9D1725D57E99}.Release|Any CPU.Build.0 = Release|Any CPU
		{E5AA4190-10C9-49A1-9941-9D1725D57E99}.Release|x64.ActiveCfg = Release|Any CPU
		{E5AA4190-10C9-49A1-9941-9D1725D57E99}.Release|x64.Build.0 = Release|Any CPU
		{E5AA4190-10C9-49A1-9941-9D1725D57E99}.Release|x86.ActiveCfg = Release|Any CPU
		{E5AA4190-10C9-49A1-9941-9D1725D57E99}.Release|x86.Build.0 = Release|Any CPU
		{E4E2FC60-14D0-4220-8351-4F6990BBA329}.Debug|Any CPU.ActiveCfg = Debug|Any CPU
		{E4E2FC60-14D0-4220-8351-4F6990BBA329}.Debug|Any CPU.Build.0 = Debug|Any CPU
		{E4E2FC60-14D0-4220-8351-4F6990BBA329}.Debug|x64.ActiveCfg = Debug|Any CPU
		{E4E2FC60-14D0-4220-8351-4F6990BBA329}.Debug|x64.Build.0 = Debug|Any CPU
		{E4E2FC60-14D0-4220-8351-4F6990BBA329}.Debug|x86.ActiveCfg = Debug|Any CPU
		{E4E2FC60-14D0-4220-8351-4F6990BBA329}.Debug|x86.Build.0 = Debug|Any CPU
		{E4E2FC60-14D0-4220-8351-4F6990BBA329}.Release|Any CPU.ActiveCfg = Release|Any CPU
		{E4E2FC60-14D0-4220-8351-4F6990BBA329}.Release|Any CPU.Build.0 = Release|Any CPU
		{E4E2FC60-14D0-4220-8351-4F6990BBA329}.Release|x64.ActiveCfg = Release|Any CPU
		{E4E2FC60-14D0-4220-8351-4F6990BBA329}.Release|x64.Build.0 = Release|Any CPU
		{E4E2FC60-14D0-4220-8351-4F6990BBA329}.Release|x86.ActiveCfg = Release|Any CPU
		{E4E2FC60-14D0-4220-8351-4F6990BBA329}.Release|x86.Build.0 = Release|Any CPU
		{C72FBDBA-E124-451F-83F6-8EA8F16519AF}.Debug|Any CPU.ActiveCfg = Debug|Any CPU
		{C72FBDBA-E124-451F-83F6-8EA8F16519AF}.Debug|Any CPU.Build.0 = Debug|Any CPU
		{C72FBDBA-E124-451F-83F6-8EA8F16519AF}.Debug|x64.ActiveCfg = Debug|Any CPU
		{C72FBDBA-E124-451F-83F6-8EA8F16519AF}.Debug|x64.Build.0 = Debug|Any CPU
		{C72FBDBA-E124-451F-83F6-8EA8F16519AF}.Debug|x86.ActiveCfg = Debug|Any CPU
		{C72FBDBA-E124-451F-83F6-8EA8F16519AF}.Debug|x86.Build.0 = Debug|Any CPU
		{C72FBDBA-E124-451F-83F6-8EA8F16519AF}.Release|Any CPU.ActiveCfg = Release|Any CPU
		{C72FBDBA-E124-451F-83F6-8EA8F16519AF}.Release|Any CPU.Build.0 = Release|Any CPU
		{C72FBDBA-E124-451F-83F6-8EA8F16519AF}.Release|x64.ActiveCfg = Release|Any CPU
		{C72FBDBA-E124-451F-83F6-8EA8F16519AF}.Release|x64.Build.0 = Release|Any CPU
		{C72FBDBA-E124-451F-83F6-8EA8F16519AF}.Release|x86.ActiveCfg = Release|Any CPU
		{C72FBDBA-E124-451F-83F6-8EA8F16519AF}.Release|x86.Build.0 = Release|Any CPU
		{45AF0758-F0E8-44F2-869D-B249A5C44760}.Debug|Any CPU.ActiveCfg = Debug|Any CPU
		{45AF0758-F0E8-44F2-869D-B249A5C44760}.Debug|Any CPU.Build.0 = Debug|Any CPU
		{45AF0758-F0E8-44F2-869D-B249A5C44760}.Debug|x64.ActiveCfg = Debug|Any CPU
		{45AF0758-F0E8-44F2-869D-B249A5C44760}.Debug|x64.Build.0 = Debug|Any CPU
		{45AF0758-F0E8-44F2-869D-B249A5C44760}.Debug|x86.ActiveCfg = Debug|Any CPU
		{45AF0758-F0E8-44F2-869D-B249A5C44760}.Debug|x86.Build.0 = Debug|Any CPU
		{45AF0758-F0E8-44F2-869D-B249A5C44760}.Release|Any CPU.ActiveCfg = Release|Any CPU
		{45AF0758-F0E8-44F2-869D-B249A5C44760}.Release|Any CPU.Build.0 = Release|Any CPU
		{45AF0758-F0E8-44F2-869D-B249A5C44760}.Release|x64.ActiveCfg = Release|Any CPU
		{45AF0758-F0E8-44F2-869D-B249A5C44760}.Release|x64.Build.0 = Release|Any CPU
		{45AF0758-F0E8-44F2-869D-B249A5C44760}.Release|x86.ActiveCfg = Release|Any CPU
		{45AF0758-F0E8-44F2-869D-B249A5C44760}.Release|x86.Build.0 = Release|Any CPU
		{5AF0B868-C39D-44F8-858A-27A69BF0B558}.Debug|Any CPU.ActiveCfg = Debug|Any CPU
		{5AF0B868-C39D-44F8-858A-27A69BF0B558}.Debug|Any CPU.Build.0 = Debug|Any CPU
		{5AF0B868-C39D-44F8-858A-27A69BF0B558}.Debug|x64.ActiveCfg = Debug|Any CPU
		{5AF0B868-C39D-44F8-858A-27A69BF0B558}.Debug|x64.Build.0 = Debug|Any CPU
		{5AF0B868-C39D-44F8-858A-27A69BF0B558}.Debug|x86.ActiveCfg = Debug|Any CPU
		{5AF0B868-C39D-44F8-858A-27A69BF0B558}.Debug|x86.Build.0 = Debug|Any CPU
		{5AF0B868-C39D-44F8-858A-27A69BF0B558}.Release|Any CPU.ActiveCfg = Release|Any CPU
		{5AF0B868-C39D-44F8-858A-27A69BF0B558}.Release|Any CPU.Build.0 = Release|Any CPU
		{5AF0B868-C39D-44F8-858A-27A69BF0B558}.Release|x64.ActiveCfg = Release|Any CPU
		{5AF0B868-C39D-44F8-858A-27A69BF0B558}.Release|x64.Build.0 = Release|Any CPU
		{5AF0B868-C39D-44F8-858A-27A69BF0B558}.Release|x86.ActiveCfg = Release|Any CPU
		{5AF0B868-C39D-44F8-858A-27A69BF0B558}.Release|x86.Build.0 = Release|Any CPU
		{A95FD6CF-D159-401B-9DBA-E14AC9125F7A}.Debug|Any CPU.ActiveCfg = Debug|Any CPU
		{A95FD6CF-D159-401B-9DBA-E14AC9125F7A}.Debug|Any CPU.Build.0 = Debug|Any CPU
		{A95FD6CF-D159-401B-9DBA-E14AC9125F7A}.Debug|x64.ActiveCfg = Debug|Any CPU
		{A95FD6CF-D159-401B-9DBA-E14AC9125F7A}.Debug|x64.Build.0 = Debug|Any CPU
		{A95FD6CF-D159-401B-9DBA-E14AC9125F7A}.Debug|x86.ActiveCfg = Debug|Any CPU
		{A95FD6CF-D159-401B-9DBA-E14AC9125F7A}.Debug|x86.Build.0 = Debug|Any CPU
		{A95FD6CF-D159-401B-9DBA-E14AC9125F7A}.Release|Any CPU.ActiveCfg = Release|Any CPU
		{A95FD6CF-D159-401B-9DBA-E14AC9125F7A}.Release|Any CPU.Build.0 = Release|Any CPU
		{A95FD6CF-D159-401B-9DBA-E14AC9125F7A}.Release|x64.ActiveCfg = Release|Any CPU
		{A95FD6CF-D159-401B-9DBA-E14AC9125F7A}.Release|x64.Build.0 = Release|Any CPU
		{A95FD6CF-D159-401B-9DBA-E14AC9125F7A}.Release|x86.ActiveCfg = Release|Any CPU
		{A95FD6CF-D159-401B-9DBA-E14AC9125F7A}.Release|x86.Build.0 = Release|Any CPU
		{B96ED343-6AF4-4AE1-BC85-58758A4F577E}.Debug|Any CPU.ActiveCfg = Debug|Any CPU
		{B96ED343-6AF4-4AE1-BC85-58758A4F577E}.Debug|Any CPU.Build.0 = Debug|Any CPU
		{B96ED343-6AF4-4AE1-BC85-58758A4F577E}.Debug|x64.ActiveCfg = Debug|Any CPU
		{B96ED343-6AF4-4AE1-BC85-58758A4F577E}.Debug|x64.Build.0 = Debug|Any CPU
		{B96ED343-6AF4-4AE1-BC85-58758A4F577E}.Debug|x86.ActiveCfg = Debug|Any CPU
		{B96ED343-6AF4-4AE1-BC85-58758A4F577E}.Debug|x86.Build.0 = Debug|Any CPU
		{B96ED343-6AF4-4AE1-BC85-58758A4F577E}.Release|Any CPU.ActiveCfg = Release|Any CPU
		{B96ED343-6AF4-4AE1-BC85-58758A4F577E}.Release|Any CPU.Build.0 = Release|Any CPU
		{B96ED343-6AF4-4AE1-BC85-58758A4F577E}.Release|x64.ActiveCfg = Release|Any CPU
		{B96ED343-6AF4-4AE1-BC85-58758A4F577E}.Release|x64.Build.0 = Release|Any CPU
		{B96ED343-6AF4-4AE1-BC85-58758A4F577E}.Release|x86.ActiveCfg = Release|Any CPU
		{B96ED343-6AF4-4AE1-BC85-58758A4F577E}.Release|x86.Build.0 = Release|Any CPU
		{7EE53ABA-6733-4BCC-9CAD-6BB2595B952F}.Debug|Any CPU.ActiveCfg = Debug|Any CPU
		{7EE53ABA-6733-4BCC-9CAD-6BB2595B952F}.Debug|Any CPU.Build.0 = Debug|Any CPU
		{7EE53ABA-6733-4BCC-9CAD-6BB2595B952F}.Debug|x64.ActiveCfg = Debug|Any CPU
		{7EE53ABA-6733-4BCC-9CAD-6BB2595B952F}.Debug|x64.Build.0 = Debug|Any CPU
		{7EE53ABA-6733-4BCC-9CAD-6BB2595B952F}.Debug|x86.ActiveCfg = Debug|Any CPU
		{7EE53ABA-6733-4BCC-9CAD-6BB2595B952F}.Debug|x86.Build.0 = Debug|Any CPU
		{7EE53ABA-6733-4BCC-9CAD-6BB2595B952F}.Release|Any CPU.ActiveCfg = Release|Any CPU
		{7EE53ABA-6733-4BCC-9CAD-6BB2595B952F}.Release|Any CPU.Build.0 = Release|Any CPU
		{7EE53ABA-6733-4BCC-9CAD-6BB2595B952F}.Release|x64.ActiveCfg = Release|Any CPU
		{7EE53ABA-6733-4BCC-9CAD-6BB2595B952F}.Release|x64.Build.0 = Release|Any CPU
		{7EE53ABA-6733-4BCC-9CAD-6BB2595B952F}.Release|x86.ActiveCfg = Release|Any CPU
		{7EE53ABA-6733-4BCC-9CAD-6BB2595B952F}.Release|x86.Build.0 = Release|Any CPU
		{6DCAB3D9-744D-45F1-9964-C39148AE5C69}.Debug|Any CPU.ActiveCfg = Debug|Any CPU
		{6DCAB3D9-744D-45F1-9964-C39148AE5C69}.Debug|Any CPU.Build.0 = Debug|Any CPU
		{6DCAB3D9-744D-45F1-9964-C39148AE5C69}.Debug|x64.ActiveCfg = Debug|Any CPU
		{6DCAB3D9-744D-45F1-9964-C39148AE5C69}.Debug|x64.Build.0 = Debug|Any CPU
		{6DCAB3D9-744D-45F1-9964-C39148AE5C69}.Debug|x86.ActiveCfg = Debug|Any CPU
		{6DCAB3D9-744D-45F1-9964-C39148AE5C69}.Debug|x86.Build.0 = Debug|Any CPU
		{6DCAB3D9-744D-45F1-9964-C39148AE5C69}.Release|Any CPU.ActiveCfg = Release|Any CPU
		{6DCAB3D9-744D-45F1-9964-C39148AE5C69}.Release|Any CPU.Build.0 = Release|Any CPU
		{6DCAB3D9-744D-45F1-9964-C39148AE5C69}.Release|x64.ActiveCfg = Release|Any CPU
		{6DCAB3D9-744D-45F1-9964-C39148AE5C69}.Release|x64.Build.0 = Release|Any CPU
		{6DCAB3D9-744D-45F1-9964-C39148AE5C69}.Release|x86.ActiveCfg = Release|Any CPU
		{6DCAB3D9-744D-45F1-9964-C39148AE5C69}.Release|x86.Build.0 = Release|Any CPU
		{8D7A9C48-AFCF-4A7E-B541-D0106021CC63}.Debug|Any CPU.ActiveCfg = Debug|Any CPU
		{8D7A9C48-AFCF-4A7E-B541-D0106021CC63}.Debug|Any CPU.Build.0 = Debug|Any CPU
		{8D7A9C48-AFCF-4A7E-B541-D0106021CC63}.Debug|x64.ActiveCfg = Debug|Any CPU
		{8D7A9C48-AFCF-4A7E-B541-D0106021CC63}.Debug|x64.Build.0 = Debug|Any CPU
		{8D7A9C48-AFCF-4A7E-B541-D0106021CC63}.Debug|x86.ActiveCfg = Debug|Any CPU
		{8D7A9C48-AFCF-4A7E-B541-D0106021CC63}.Debug|x86.Build.0 = Debug|Any CPU
		{8D7A9C48-AFCF-4A7E-B541-D0106021CC63}.Release|Any CPU.ActiveCfg = Release|Any CPU
		{8D7A9C48-AFCF-4A7E-B541-D0106021CC63}.Release|Any CPU.Build.0 = Release|Any CPU
		{8D7A9C48-AFCF-4A7E-B541-D0106021CC63}.Release|x64.ActiveCfg = Release|Any CPU
		{8D7A9C48-AFCF-4A7E-B541-D0106021CC63}.Release|x64.Build.0 = Release|Any CPU
		{8D7A9C48-AFCF-4A7E-B541-D0106021CC63}.Release|x86.ActiveCfg = Release|Any CPU
		{8D7A9C48-AFCF-4A7E-B541-D0106021CC63}.Release|x86.Build.0 = Release|Any CPU
		{B960DC5E-DC1A-48C1-B1D8-19CD4706188F}.Debug|Any CPU.ActiveCfg = Debug|Any CPU
		{B960DC5E-DC1A-48C1-B1D8-19CD4706188F}.Debug|Any CPU.Build.0 = Debug|Any CPU
		{B960DC5E-DC1A-48C1-B1D8-19CD4706188F}.Debug|x64.ActiveCfg = Debug|Any CPU
		{B960DC5E-DC1A-48C1-B1D8-19CD4706188F}.Debug|x64.Build.0 = Debug|Any CPU
		{B960DC5E-DC1A-48C1-B1D8-19CD4706188F}.Debug|x86.ActiveCfg = Debug|Any CPU
		{B960DC5E-DC1A-48C1-B1D8-19CD4706188F}.Debug|x86.Build.0 = Debug|Any CPU
		{B960DC5E-DC1A-48C1-B1D8-19CD4706188F}.Release|Any CPU.ActiveCfg = Release|Any CPU
		{B960DC5E-DC1A-48C1-B1D8-19CD4706188F}.Release|Any CPU.Build.0 = Release|Any CPU
		{B960DC5E-DC1A-48C1-B1D8-19CD4706188F}.Release|x64.ActiveCfg = Release|Any CPU
		{B960DC5E-DC1A-48C1-B1D8-19CD4706188F}.Release|x64.Build.0 = Release|Any CPU
		{B960DC5E-DC1A-48C1-B1D8-19CD4706188F}.Release|x86.ActiveCfg = Release|Any CPU
		{B960DC5E-DC1A-48C1-B1D8-19CD4706188F}.Release|x86.Build.0 = Release|Any CPU
	EndGlobalSection
	GlobalSection(SolutionProperties) = preSolution
		HideSolutionNode = FALSE
	EndGlobalSection
	GlobalSection(ExtensibilityGlobals) = postSolution
		SolutionGuid = {E68BC789-D282-43E0-AF7C-CDF0F06EF942}
	EndGlobalSection
EndGlobal
