
Microsoft Visual Studio Solution File, Format Version 12.00
# Visual Studio Version 16
VisualStudioVersion = 16.0.30711.63
MinimumVisualStudioVersion = 10.0.40219.1
Project("{9A19103F-16F7-4668-BE54-9A1E7A4F7556}") = "Luke1", "Luke1\Luke1.csproj", "{CF4266A0-A960-4E4C-AE67-A2A0D2152FF1}"
EndProject
Project("{9A19103F-16F7-4668-BE54-9A1E7A4F7556}") = "Utilities", "Utilities\Utilities.csproj", "{48FA27E1-4D8C-48D9-9CD4-93AD15B466EA}"
EndProject
Project("{2150E333-8FDC-42A3-9474-1A3956D46DE8}") = "Solution Items", "Solution Items", "{3F8B7DC9-3C89-4257-B769-CD4291EF1BE1}"
	ProjectSection(SolutionItems) = preProject
		.gitignore = .gitignore
		LICENSE = LICENSE
		README.md = README.md
	EndProjectSection
EndProject
Project("{8BC9CEB8-8B4A-11D0-8D11-00A0C91BC942}") = "Luke2", "Luke2\Luke2.vcxproj", "{63E1BD21-60F6-4D74-BA4B-24113D685B35}"
EndProject
Project("{8BC9CEB8-8B4A-11D0-8D11-00A0C91BC942}") = "CppUtilities", "CppUtilities\CppUtilities.vcxproj", "{35008024-066F-4AE4-A89C-FCC686752C2A}"
EndProject
Global
	GlobalSection(SolutionConfigurationPlatforms) = preSolution
		Debug|Any CPU = Debug|Any CPU
		Debug|x64 = Debug|x64
		Debug|x86 = Debug|x86
		Release|Any CPU = Release|Any CPU
		Release|x64 = Release|x64
		Release|x86 = Release|x86
	EndGlobalSection
	GlobalSection(ProjectConfigurationPlatforms) = postSolution
		{CF4266A0-A960-4E4C-AE67-A2A0D2152FF1}.Debug|Any CPU.ActiveCfg = Debug|Any CPU
		{CF4266A0-A960-4E4C-AE67-A2A0D2152FF1}.Debug|Any CPU.Build.0 = Debug|Any CPU
		{CF4266A0-A960-4E4C-AE67-A2A0D2152FF1}.Debug|x64.ActiveCfg = Debug|Any CPU
		{CF4266A0-A960-4E4C-AE67-A2A0D2152FF1}.Debug|x64.Build.0 = Debug|Any CPU
		{CF4266A0-A960-4E4C-AE67-A2A0D2152FF1}.Debug|x86.ActiveCfg = Debug|Any CPU
		{CF4266A0-A960-4E4C-AE67-A2A0D2152FF1}.Debug|x86.Build.0 = Debug|Any CPU
		{CF4266A0-A960-4E4C-AE67-A2A0D2152FF1}.Release|Any CPU.ActiveCfg = Release|Any CPU
		{CF4266A0-A960-4E4C-AE67-A2A0D2152FF1}.Release|Any CPU.Build.0 = Release|Any CPU
		{CF4266A0-A960-4E4C-AE67-A2A0D2152FF1}.Release|x64.ActiveCfg = Release|Any CPU
		{CF4266A0-A960-4E4C-AE67-A2A0D2152FF1}.Release|x64.Build.0 = Release|Any CPU
		{CF4266A0-A960-4E4C-AE67-A2A0D2152FF1}.Release|x86.ActiveCfg = Release|Any CPU
		{CF4266A0-A960-4E4C-AE67-A2A0D2152FF1}.Release|x86.Build.0 = Release|Any CPU
		{48FA27E1-4D8C-48D9-9CD4-93AD15B466EA}.Debug|Any CPU.ActiveCfg = Debug|Any CPU
		{48FA27E1-4D8C-48D9-9CD4-93AD15B466EA}.Debug|Any CPU.Build.0 = Debug|Any CPU
		{48FA27E1-4D8C-48D9-9CD4-93AD15B466EA}.Debug|x64.ActiveCfg = Debug|Any CPU
		{48FA27E1-4D8C-48D9-9CD4-93AD15B466EA}.Debug|x64.Build.0 = Debug|Any CPU
		{48FA27E1-4D8C-48D9-9CD4-93AD15B466EA}.Debug|x86.ActiveCfg = Debug|Any CPU
		{48FA27E1-4D8C-48D9-9CD4-93AD15B466EA}.Debug|x86.Build.0 = Debug|Any CPU
		{48FA27E1-4D8C-48D9-9CD4-93AD15B466EA}.Release|Any CPU.ActiveCfg = Release|Any CPU
		{48FA27E1-4D8C-48D9-9CD4-93AD15B466EA}.Release|Any CPU.Build.0 = Release|Any CPU
		{48FA27E1-4D8C-48D9-9CD4-93AD15B466EA}.Release|x64.ActiveCfg = Release|Any CPU
		{48FA27E1-4D8C-48D9-9CD4-93AD15B466EA}.Release|x64.Build.0 = Release|Any CPU
		{48FA27E1-4D8C-48D9-9CD4-93AD15B466EA}.Release|x86.ActiveCfg = Release|Any CPU
		{48FA27E1-4D8C-48D9-9CD4-93AD15B466EA}.Release|x86.Build.0 = Release|Any CPU
		{63E1BD21-60F6-4D74-BA4B-24113D685B35}.Debug|Any CPU.ActiveCfg = Debug|Win32
		{63E1BD21-60F6-4D74-BA4B-24113D685B35}.Debug|x64.ActiveCfg = Debug|x64
		{63E1BD21-60F6-4D74-BA4B-24113D685B35}.Debug|x64.Build.0 = Debug|x64
		{63E1BD21-60F6-4D74-BA4B-24113D685B35}.Debug|x86.ActiveCfg = Debug|Win32
		{63E1BD21-60F6-4D74-BA4B-24113D685B35}.Debug|x86.Build.0 = Debug|Win32
		{63E1BD21-60F6-4D74-BA4B-24113D685B35}.Release|Any CPU.ActiveCfg = Release|x64
		{63E1BD21-60F6-4D74-BA4B-24113D685B35}.Release|Any CPU.Build.0 = Release|x64
		{63E1BD21-60F6-4D74-BA4B-24113D685B35}.Release|x64.ActiveCfg = Release|x64
		{63E1BD21-60F6-4D74-BA4B-24113D685B35}.Release|x64.Build.0 = Release|x64
		{63E1BD21-60F6-4D74-BA4B-24113D685B35}.Release|x86.ActiveCfg = Release|Win32
		{63E1BD21-60F6-4D74-BA4B-24113D685B35}.Release|x86.Build.0 = Release|Win32
		{35008024-066F-4AE4-A89C-FCC686752C2A}.Debug|Any CPU.ActiveCfg = Debug|Win32
		{35008024-066F-4AE4-A89C-FCC686752C2A}.Debug|x64.ActiveCfg = Debug|x64
		{35008024-066F-4AE4-A89C-FCC686752C2A}.Debug|x64.Build.0 = Debug|x64
		{35008024-066F-4AE4-A89C-FCC686752C2A}.Debug|x86.ActiveCfg = Debug|Win32
		{35008024-066F-4AE4-A89C-FCC686752C2A}.Debug|x86.Build.0 = Debug|Win32
		{35008024-066F-4AE4-A89C-FCC686752C2A}.Release|Any CPU.ActiveCfg = Release|Win32
		{35008024-066F-4AE4-A89C-FCC686752C2A}.Release|x64.ActiveCfg = Release|x64
		{35008024-066F-4AE4-A89C-FCC686752C2A}.Release|x64.Build.0 = Release|x64
		{35008024-066F-4AE4-A89C-FCC686752C2A}.Release|x86.ActiveCfg = Release|Win32
		{35008024-066F-4AE4-A89C-FCC686752C2A}.Release|x86.Build.0 = Release|Win32
	EndGlobalSection
	GlobalSection(SolutionProperties) = preSolution
		HideSolutionNode = FALSE
	EndGlobalSection
	GlobalSection(ExtensibilityGlobals) = postSolution
		SolutionGuid = {E68BC789-D282-43E0-AF7C-CDF0F06EF942}
	EndGlobalSection
EndGlobal
