
Microsoft Visual Studio Solution File, Format Version 12.00
# Visual Studio Version 16
VisualStudioVersion = 16.0.30711.63
MinimumVisualStudioVersion = 10.0.40219.1
Project("{9A19103F-16F7-4668-BE54-9A1E7A4F7556}") = "Luke1", "Luke1\Luke1.csproj", "{CF4266A0-A960-4E4C-AE67-A2A0D2152FF1}"
EndProject
Project("{FAE04EC0-301F-11D3-BF4B-00C04F79EFBC}") = "Utilities", "Utilities\Utilities.csproj", "{48FA27E1-4D8C-48D9-9CD4-93AD15B466EA}"
EndProject
Global
	GlobalSection(SolutionConfigurationPlatforms) = preSolution
		Debug|Any CPU = Debug|Any CPU
		Release|Any CPU = Release|Any CPU
	EndGlobalSection
	GlobalSection(ProjectConfigurationPlatforms) = postSolution
		{CF4266A0-A960-4E4C-AE67-A2A0D2152FF1}.Debug|Any CPU.ActiveCfg = Debug|Any CPU
		{CF4266A0-A960-4E4C-AE67-A2A0D2152FF1}.Debug|Any CPU.Build.0 = Debug|Any CPU
		{CF4266A0-A960-4E4C-AE67-A2A0D2152FF1}.Release|Any CPU.ActiveCfg = Release|Any CPU
		{CF4266A0-A960-4E4C-AE67-A2A0D2152FF1}.Release|Any CPU.Build.0 = Release|Any CPU
		{48FA27E1-4D8C-48D9-9CD4-93AD15B466EA}.Debug|Any CPU.ActiveCfg = Debug|Any CPU
		{48FA27E1-4D8C-48D9-9CD4-93AD15B466EA}.Debug|Any CPU.Build.0 = Debug|Any CPU
		{48FA27E1-4D8C-48D9-9CD4-93AD15B466EA}.Release|Any CPU.ActiveCfg = Release|Any CPU
		{48FA27E1-4D8C-48D9-9CD4-93AD15B466EA}.Release|Any CPU.Build.0 = Release|Any CPU
	EndGlobalSection
	GlobalSection(SolutionProperties) = preSolution
		HideSolutionNode = FALSE
	EndGlobalSection
	GlobalSection(ExtensibilityGlobals) = postSolution
		SolutionGuid = {E68BC789-D282-43E0-AF7C-CDF0F06EF942}
	EndGlobalSection
EndGlobal
